// !$*UTF8*$!
{
	archiveVersion = 1;
	classes = {
	};
	objectVersion = 50;
	objects = {

/* Begin PBXBuildFile section */
		120AC251230FF2A500563E63 /* AppDelegate.swift in Sources */ = {isa = PBXBuildFile; fileRef = 120AC250230FF2A500563E63 /* AppDelegate.swift */; };
		120AC253230FF2A500563E63 /* ViewController.swift in Sources */ = {isa = PBXBuildFile; fileRef = 120AC252230FF2A500563E63 /* ViewController.swift */; };
		120AC256230FF2A500563E63 /* Main.storyboard in Resources */ = {isa = PBXBuildFile; fileRef = 120AC254230FF2A500563E63 /* Main.storyboard */; };
		120AC258230FF2A600563E63 /* Assets.xcassets in Resources */ = {isa = PBXBuildFile; fileRef = 120AC257230FF2A600563E63 /* Assets.xcassets */; };
		120AC25B230FF2A600563E63 /* LaunchScreen.storyboard in Resources */ = {isa = PBXBuildFile; fileRef = 120AC259230FF2A600563E63 /* LaunchScreen.storyboard */; };
		120AC263230FFAD300563E63 /* Employee.swift in Sources */ = {isa = PBXBuildFile; fileRef = 120AC262230FFAD300563E63 /* Employee.swift */; };
		120AC265230FFADB00563E63 /* Vehicle.swift in Sources */ = {isa = PBXBuildFile; fileRef = 120AC264230FFADB00563E63 /* Vehicle.swift */; };
		12605EC323278FF80087EF91 /* Employee2.swift in Sources */ = {isa = PBXBuildFile; fileRef = 12605EC223278FF80087EF91 /* Employee2.swift */; };
		1265DB7123142788007A8DAA /* Vehicle1.swift in Sources */ = {isa = PBXBuildFile; fileRef = 1265DB7023142788007A8DAA /* Vehicle1.swift */; };
		1265DB73231427B5007A8DAA /* Employee1.swift in Sources */ = {isa = PBXBuildFile; fileRef = 1265DB72231427B5007A8DAA /* Employee1.swift */; };
/* End PBXBuildFile section */

/* Begin PBXFileReference section */
		120AC24D230FF2A500563E63 /* TestDangerJS.app */ = {isa = PBXFileReference; explicitFileType = wrapper.application; includeInIndex = 0; path = TestDangerJS.app; sourceTree = BUILT_PRODUCTS_DIR; };
		120AC250230FF2A500563E63 /* AppDelegate.swift */ = {isa = PBXFileReference; lastKnownFileType = sourcecode.swift; path = AppDelegate.swift; sourceTree = "<group>"; };
		120AC252230FF2A500563E63 /* ViewController.swift */ = {isa = PBXFileReference; lastKnownFileType = sourcecode.swift; path = ViewController.swift; sourceTree = "<group>"; };
		120AC255230FF2A500563E63 /* Base */ = {isa = PBXFileReference; lastKnownFileType = file.storyboard; name = Base; path = Base.lproj/Main.storyboard; sourceTree = "<group>"; };
		120AC257230FF2A600563E63 /* Assets.xcassets */ = {isa = PBXFileReference; lastKnownFileType = folder.assetcatalog; path = Assets.xcassets; sourceTree = "<group>"; };
		120AC25A230FF2A600563E63 /* Base */ = {isa = PBXFileReference; lastKnownFileType = file.storyboard; name = Base; path = Base.lproj/LaunchScreen.storyboard; sourceTree = "<group>"; };
		120AC25C230FF2A600563E63 /* Info.plist */ = {isa = PBXFileReference; lastKnownFileType = text.plist.xml; path = Info.plist; sourceTree = "<group>"; };
		120AC262230FFAD300563E63 /* Employee.swift */ = {isa = PBXFileReference; fileEncoding = 4; lastKnownFileType = sourcecode.swift; path = Employee.swift; sourceTree = "<group>"; };
		120AC264230FFADB00563E63 /* Vehicle.swift */ = {isa = PBXFileReference; fileEncoding = 4; lastKnownFileType = sourcecode.swift; path = Vehicle.swift; sourceTree = "<group>"; };
		12605EC223278FF80087EF91 /* Employee2.swift */ = {isa = PBXFileReference; lastKnownFileType = sourcecode.swift; path = Employee2.swift; sourceTree = "<group>"; };
		1265DB7023142788007A8DAA /* Vehicle1.swift */ = {isa = PBXFileReference; lastKnownFileType = sourcecode.swift; path = Vehicle1.swift; sourceTree = "<group>"; };
		1265DB72231427B5007A8DAA /* Employee1.swift */ = {isa = PBXFileReference; lastKnownFileType = sourcecode.swift; path = Employee1.swift; sourceTree = "<group>"; };
/* End PBXFileReference section */

/* Begin PBXFrameworksBuildPhase section */
		120AC24A230FF2A500563E63 /* Frameworks */ = {
			isa = PBXFrameworksBuildPhase;
			buildActionMask = 2147483647;
			files = (
			);
			runOnlyForDeploymentPostprocessing = 0;
		};
/* End PBXFrameworksBuildPhase section */

/* Begin PBXGroup section */
		120AC244230FF2A500563E63 = {
			isa = PBXGroup;
			children = (
				120AC262230FFAD300563E63 /* Employee.swift */,
				1265DB72231427B5007A8DAA /* Employee1.swift */,
				12605EC223278FF80087EF91 /* Employee2.swift */,
				120AC24F230FF2A500563E63 /* TestDangerJS */,
				120AC24E230FF2A500563E63 /* Products */,
			);
			sourceTree = "<group>";
		};
		120AC24E230FF2A500563E63 /* Products */ = {
			isa = PBXGroup;
			children = (
				120AC24D230FF2A500563E63 /* TestDangerJS.app */,
			);
			name = Products;
			sourceTree = "<group>";
		};
		120AC24F230FF2A500563E63 /* TestDangerJS */ = {
			isa = PBXGroup;
			children = (
				120AC250230FF2A500563E63 /* AppDelegate.swift */,
				120AC252230FF2A500563E63 /* ViewController.swift */,
				120AC264230FFADB00563E63 /* Vehicle.swift */,
				1265DB7023142788007A8DAA /* Vehicle1.swift */,
				120AC254230FF2A500563E63 /* Main.storyboard */,
				120AC257230FF2A600563E63 /* Assets.xcassets */,
				120AC259230FF2A600563E63 /* LaunchScreen.storyboard */,
				120AC25C230FF2A600563E63 /* Info.plist */,
			);
			path = TestDangerJS;
			sourceTree = "<group>";
		};
/* End PBXGroup section */

/* Begin PBXNativeTarget section */
		120AC24C230FF2A500563E63 /* TestDangerJS */ = {
			isa = PBXNativeTarget;
			buildConfigurationList = 120AC25F230FF2A600563E63 /* Build configuration list for PBXNativeTarget "TestDangerJS" */;
			buildPhases = (
				120AC249230FF2A500563E63 /* Sources */,
				120AC24A230FF2A500563E63 /* Frameworks */,
				120AC24B230FF2A500563E63 /* Resources */,
			);
			buildRules = (
			);
			dependencies = (
			);
			name = TestDangerJS;
			productName = TestDangerJS;
			productReference = 120AC24D230FF2A500563E63 /* TestDangerJS.app */;
			productType = "com.apple.product-type.application";
		};
/* End PBXNativeTarget section */

/* Begin PBXProject section */
		120AC245230FF2A500563E63 /* Project object */ = {
			isa = PBXProject;
			attributes = {
				LastSwiftUpdateCheck = 1030;
				LastUpgradeCheck = 1030;
				ORGANIZATIONNAME = "Parashar, Anshul(AWF)";
				TargetAttributes = {
					120AC24C230FF2A500563E63 = {
						CreatedOnToolsVersion = 10.3;
					};
				};
			};
			buildConfigurationList = 120AC248230FF2A500563E63 /* Build configuration list for PBXProject "TestDangerJS" */;
			compatibilityVersion = "Xcode 9.3";
			developmentRegion = en;
			hasScannedForEncodings = 0;
			knownRegions = (
				en,
				Base,
			);
			mainGroup = 120AC244230FF2A500563E63;
			productRefGroup = 120AC24E230FF2A500563E63 /* Products */;
			projectDirPath = "";
			projectRoot = "";
			targets = (
				120AC24C230FF2A500563E63 /* TestDangerJS */,
			);
		};
/* End PBXProject section */

/* Begin PBXResourcesBuildPhase section */
		120AC24B230FF2A500563E63 /* Resources */ = {
			isa = PBXResourcesBuildPhase;
			buildActionMask = 2147483647;
			files = (
				120AC25B230FF2A600563E63 /* LaunchScreen.storyboard in Resources */,
				120AC258230FF2A600563E63 /* Assets.xcassets in Resources */,
				120AC256230FF2A500563E63 /* Main.storyboard in Resources */,
			);
			runOnlyForDeploymentPostprocessing = 0;
		};
/* End PBXResourcesBuildPhase section */

/* Begin PBXSourcesBuildPhase section */
		120AC249230FF2A500563E63 /* Sources */ = {
			isa = PBXSourcesBuildPhase;
			buildActionMask = 2147483647;
			files = (
				120AC265230FFADB00563E63 /* Vehicle.swift in Sources */,
				120AC253230FF2A500563E63 /* ViewController.swift in Sources */,
				120AC263230FFAD300563E63 /* Employee.swift in Sources */,
				1265DB7123142788007A8DAA /* Vehicle1.swift in Sources */,
				120AC251230FF2A500563E63 /* AppDelegate.swift in Sources */,
				12605EC323278FF80087EF91 /* Employee2.swift in Sources */,
				1265DB73231427B5007A8DAA /* Employee1.swift in Sources */,
			);
			runOnlyForDeploymentPostprocessing = 0;
		};
/* End PBXSourcesBuildPhase section */

/* Begin PBXVariantGroup section */
		120AC254230FF2A500563E63 /* Main.storyboard */ = {
			isa = PBXVariantGroup;
			children = (
				120AC255230FF2A500563E63 /* Base */,
			);
			name = Main.storyboard;
			sourceTree = "<group>";
		};
		120AC259230FF2A600563E63 /* LaunchScreen.storyboard */ = {
			isa = PBXVariantGroup;
			children = (
				120AC25A230FF2A600563E63 /* Base */,
			);
			name = LaunchScreen.storyboard;
			sourceTree = "<group>";
		};
/* End PBXVariantGroup section */

/* Begin XCBuildConfiguration section */
		120AC25D230FF2A600563E63 /* Debug */ = {
			isa = XCBuildConfiguration;
			buildSettings = {
				ALWAYS_SEARCH_USER_PATHS = NO;
				CLANG_ANALYZER_NONNULL = YES;
				CLANG_ANALYZER_NUMBER_OBJECT_CONVERSION = YES_AGGRESSIVE;
				CLANG_CXX_LANGUAGE_STANDARD = "gnu++14";
				CLANG_CXX_LIBRARY = "libc++";
				CLANG_ENABLE_MODULES = YES;
				CLANG_ENABLE_OBJC_ARC = YES;
				CLANG_ENABLE_OBJC_WEAK = YES;
				CLANG_WARN_BLOCK_CAPTURE_AUTORELEASING = YES;
				CLANG_WARN_BOOL_CONVERSION = YES;
				CLANG_WARN_COMMA = YES;
				CLANG_WARN_CONSTANT_CONVERSION = YES;
				CLANG_WARN_DEPRECATED_OBJC_IMPLEMENTATIONS = YES;
				CLANG_WARN_DIRECT_OBJC_ISA_USAGE = YES_ERROR;
				CLANG_WARN_DOCUMENTATION_COMMENTS = YES;
				CLANG_WARN_EMPTY_BODY = YES;
				CLANG_WARN_ENUM_CONVERSION = YES;
				CLANG_WARN_INFINITE_RECURSION = YES;
				CLANG_WARN_INT_CONVERSION = YES;
				CLANG_WARN_NON_LITERAL_NULL_CONVERSION = YES;
				CLANG_WARN_OBJC_IMPLICIT_RETAIN_SELF = YES;
				CLANG_WARN_OBJC_LITERAL_CONVERSION = YES;
				CLANG_WARN_OBJC_ROOT_CLASS = YES_ERROR;
				CLANG_WARN_RANGE_LOOP_ANALYSIS = YES;
				CLANG_WARN_STRICT_PROTOTYPES = YES;
				CLANG_WARN_SUSPICIOUS_MOVE = YES;
				CLANG_WARN_UNGUARDED_AVAILABILITY = YES_AGGRESSIVE;
				CLANG_WARN_UNREACHABLE_CODE = YES;
				CLANG_WARN__DUPLICATE_METHOD_MATCH = YES;
				CODE_SIGN_IDENTITY = "iPhone Developer";
				COPY_PHASE_STRIP = NO;
				DEBUG_INFORMATION_FORMAT = dwarf;
				ENABLE_STRICT_OBJC_MSGSEND = YES;
				ENABLE_TESTABILITY = YES;
				GCC_C_LANGUAGE_STANDARD = gnu11;
				GCC_DYNAMIC_NO_PIC = NO;
				GCC_NO_COMMON_BLOCKS = YES;
				GCC_OPTIMIZATION_LEVEL = 0;
				GCC_PREPROCESSOR_DEFINITIONS = (
					"DEBUG=1",
					"$(inherited)",
				);
				GCC_WARN_64_TO_32_BIT_CONVERSION = YES;
				GCC_WARN_ABOUT_RETURN_TYPE = YES_ERROR;
				GCC_WARN_UNDECLARED_SELECTOR = YES;
				GCC_WARN_UNINITIALIZED_AUTOS = YES_AGGRESSIVE;
				GCC_WARN_UNUSED_FUNCTION = YES;
				GCC_WARN_UNUSED_VARIABLE = YES;
				IPHONEOS_DEPLOYMENT_TARGET = 12.4;
				MTL_ENABLE_DEBUG_INFO = INCLUDE_SOURCE;
				MTL_FAST_MATH = YES;
				ONLY_ACTIVE_ARCH = YES;
				SDKROOT = iphoneos;
				SWIFT_ACTIVE_COMPILATION_CONDITIONS = DEBUG;
				SWIFT_OPTIMIZATION_LEVEL = "-Onone";
			};
			name = Debug;
		};
		120AC25E230FF2A600563E63 /* Release */ = {
			isa = XCBuildConfiguration;
			buildSettings = {
				ALWAYS_SEARCH_USER_PATHS = NO;
				CLANG_ANALYZER_NONNULL = YES;
				CLANG_ANALYZER_NUMBER_OBJECT_CONVERSION = YES_AGGRESSIVE;
				CLANG_CXX_LANGUAGE_STANDARD = "gnu++14";
				CLANG_CXX_LIBRARY = "libc++";
				CLANG_ENABLE_MODULES = YES;
				CLANG_ENABLE_OBJC_ARC = YES;
				CLANG_ENABLE_OBJC_WEAK = YES;
				CLANG_WARN_BLOCK_CAPTURE_AUTORELEASING = YES;
				CLANG_WARN_BOOL_CONVERSION = YES;
				CLANG_WARN_COMMA = YES;
				CLANG_WARN_CONSTANT_CONVERSION = YES;
				CLANG_WARN_DEPRECATED_OBJC_IMPLEMENTATIONS = YES;
				CLANG_WARN_DIRECT_OBJC_ISA_USAGE = YES_ERROR;
				CLANG_WARN_DOCUMENTATION_COMMENTS = YES;
				CLANG_WARN_EMPTY_BODY = YES;
				CLANG_WARN_ENUM_CONVERSION = YES;
				CLANG_WARN_INFINITE_RECURSION = YES;
				CLANG_WARN_INT_CONVERSION = YES;
				CLANG_WARN_NON_LITERAL_NULL_CONVERSION = YES;
				CLANG_WARN_OBJC_IMPLICIT_RETAIN_SELF = YES;
				CLANG_WARN_OBJC_LITERAL_CONVERSION = YES;
				CLANG_WARN_OBJC_ROOT_CLASS = YES_ERROR;
				CLANG_WARN_RANGE_LOOP_ANALYSIS = YES;
				CLANG_WARN_STRICT_PROTOTYPES = YES;
				CLANG_WARN_SUSPICIOUS_MOVE = YES;
				CLANG_WARN_UNGUARDED_AVAILABILITY = YES_AGGRESSIVE;
				CLANG_WARN_UNREACHABLE_CODE = YES;
				CLANG_WARN__DUPLICATE_METHOD_MATCH = YES;
				CODE_SIGN_IDENTITY = "iPhone Developer";
				COPY_PHASE_STRIP = NO;
				DEBUG_INFORMATION_FORMAT = "dwarf-with-dsym";
				ENABLE_NS_ASSERTIONS = NO;
				ENABLE_STRICT_OBJC_MSGSEND = YES;
				GCC_C_LANGUAGE_STANDARD = gnu11;
				GCC_NO_COMMON_BLOCKS = YES;
				GCC_WARN_64_TO_32_BIT_CONVERSION = YES;
				GCC_WARN_ABOUT_RETURN_TYPE = YES_ERROR;
				GCC_WARN_UNDECLARED_SELECTOR = YES;
				GCC_WARN_UNINITIALIZED_AUTOS = YES_AGGRESSIVE;
				GCC_WARN_UNUSED_FUNCTION = YES;
				GCC_WARN_UNUSED_VARIABLE = YES;
				IPHONEOS_DEPLOYMENT_TARGET = 12.4;
				MTL_ENABLE_DEBUG_INFO = NO;
				MTL_FAST_MATH = YES;
				SDKROOT = iphoneos;
				SWIFT_COMPILATION_MODE = wholemodule;
				SWIFT_OPTIMIZATION_LEVEL = "-O";
				VALIDATE_PRODUCT = YES;
			};
			name = Release;
		};
		120AC260230FF2A600563E63 /* Debug */ = {
			isa = XCBuildConfiguration;
			buildSettings = {
				ASSETCATALOG_COMPILER_APPICON_NAME = AppIcon;
				CODE_SIGN_STYLE = Automatic;
				INFOPLIST_FILE = TestDangerJS/Info.plist;
				LD_RUNPATH_SEARCH_PATHS = (
					"$(inherited)",
					"@executable_path/Frameworks",
				);
				PRODUCT_BUNDLE_IDENTIFIER = DemoApp.TestDangerJS;
				PRODUCT_NAME = "$(TARGET_NAME)";
				SWIFT_VERSION = 5.0;
				TARGETED_DEVICE_FAMILY = "1,2";
			};
			name = Debug;
		};
		120AC261230FF2A600563E63 /* Release */ = {
			isa = XCBuildConfiguration;
			buildSettings = {
				ASSETCATALOG_COMPILER_APPICON_NAME = AppIcon;
				CODE_SIGN_STYLE = Automatic;
				INFOPLIST_FILE = TestDangerJS/Info.plist;
				LD_RUNPATH_SEARCH_PATHS = (
					"$(inherited)",
					"@executable_path/Frameworks",
				);
				PRODUCT_BUNDLE_IDENTIFIER = DemoApp.TestDangerJS;
				PRODUCT_NAME = "$(TARGET_NAME)";
				SWIFT_VERSION = 5.0;
				TARGETED_DEVICE_FAMILY = "1,2";
			};
			name = Release;
		};
/* End XCBuildConfiguration section */

/* Begin XCConfigurationList section */
		120AC248230FF2A500563E63 /* Build configuration list for PBXProject "TestDangerJS" */ = {
			isa = XCConfigurationList;
			buildConfigurations = (
				120AC25D230FF2A600563E63 /* Debug */,
				120AC25E230FF2A600563E63 /* Release */,
			);
			defaultConfigurationIsVisible = 0;
			defaultConfigurationName = Release;
		};
		120AC25F230FF2A600563E63 /* Build configuration list for PBXNativeTarget "TestDangerJS" */ = {
			isa = XCConfigurationList;
			buildConfigurations = (
				120AC260230FF2A600563E63 /* Debug */,
				120AC261230FF2A600563E63 /* Release */,
			);
			defaultConfigurationIsVisible = 0;
			defaultConfigurationName = Release;
		};
/* End XCConfigurationList section */
	};
	rootObject = 120AC245230FF2A500563E63 /* Project object */;
}
